
Microsoft Visual Studio Solution File, Format Version 12.00
# Visual Studio Version 17
VisualStudioVersion = 17.5.33530.505
MinimumVisualStudioVersion = 10.0.40219.1
Project("{FAE04EC0-301F-11D3-BF4B-00C04F79EFBC}") = "Ensek", "Ensek\Ensek.csproj", "{7EBD7E55-B43B-450C-83D1-BF48DB75D8D2}"
EndProject
Global
	GlobalSection(SolutionConfigurationPlatforms) = preSolution
		Debug|Any CPU = Debug|Any CPU
		Release|Any CPU = Release|Any CPU
	EndGlobalSection
	GlobalSection(ProjectConfigurationPlatforms) = postSolution
		{7EBD7E55-B43B-450C-83D1-BF48DB75D8D2}.Debug|Any CPU.ActiveCfg = Debug|Any CPU
		{7EBD7E55-B43B-450C-83D1-BF48DB75D8D2}.Debug|Any CPU.Build.0 = Debug|Any CPU
		{7EBD7E55-B43B-450C-83D1-BF48DB75D8D2}.Release|Any CPU.ActiveCfg = Release|Any CPU
		{7EBD7E55-B43B-450C-83D1-BF48DB75D8D2}.Release|Any CPU.Build.0 = Release|Any CPU
	EndGlobalSection
	GlobalSection(SolutionProperties) = preSolution
		HideSolutionNode = FALSE
	EndGlobalSection
	GlobalSection(ExtensibilityGlobals) = postSolution
		SolutionGuid = {B14E605C-0A36-4CAE-8F8C-93A073E9F0F7}
	EndGlobalSection
EndGlobal
